
Microsoft Visual Studio Solution File, Format Version 12.00
# Visual Studio Version 16
VisualStudioVersion = 16.0.31205.134
MinimumVisualStudioVersion = 10.0.40219.1
Project("{FAE04EC0-301F-11D3-BF4B-00C04F79EFBC}") = "ConsoleApplication", "ConsoleApplication\ConsoleApplication.csproj", "{44F2B935-7098-43C5-A301-28F89A80914A}"
EndProject
Global
	GlobalSection(SolutionConfigurationPlatforms) = preSolution
		Debug|Any CPU = Debug|Any CPU
		Release|Any CPU = Release|Any CPU
	EndGlobalSection
	GlobalSection(ProjectConfigurationPlatforms) = postSolution
		{44F2B935-7098-43C5-A301-28F89A80914A}.Debug|Any CPU.ActiveCfg = Debug|Any CPU
		{44F2B935-7098-43C5-A301-28F89A80914A}.Debug|Any CPU.Build.0 = Debug|Any CPU
		{44F2B935-7098-43C5-A301-28F89A80914A}.Release|Any CPU.ActiveCfg = Release|Any CPU
		{44F2B935-7098-43C5-A301-28F89A80914A}.Release|Any CPU.Build.0 = Release|Any CPU
	EndGlobalSection
	GlobalSection(SolutionProperties) = preSolution
		HideSolutionNode = FALSE
	EndGlobalSection
	GlobalSection(ExtensibilityGlobals) = postSolution
		SolutionGuid = {D2912782-38F1-4CB9-B7EE-2268CA52C09B}
	EndGlobalSection
EndGlobal
